
Microsoft Visual Studio Solution File, Format Version 12.00
# Visual Studio Version 16
VisualStudioVersion = 16.0.29709.97
MinimumVisualStudioVersion = 10.0.40219.1
Project("{FAE04EC0-301F-11D3-BF4B-00C04F79EFBC}") = "Matrixfill", "Matrixfill\Matrixfill.csproj", "{53A02A54-754B-4FDF-A76B-9A0D1DBCF049}"
EndProject
Global
	GlobalSection(SolutionConfigurationPlatforms) = preSolution
		Debug|Any CPU = Debug|Any CPU
		Release|Any CPU = Release|Any CPU
	EndGlobalSection
	GlobalSection(ProjectConfigurationPlatforms) = postSolution
		{53A02A54-754B-4FDF-A76B-9A0D1DBCF049}.Debug|Any CPU.ActiveCfg = Debug|Any CPU
		{53A02A54-754B-4FDF-A76B-9A0D1DBCF049}.Debug|Any CPU.Build.0 = Debug|Any CPU
		{53A02A54-754B-4FDF-A76B-9A0D1DBCF049}.Release|Any CPU.ActiveCfg = Release|Any CPU
		{53A02A54-754B-4FDF-A76B-9A0D1DBCF049}.Release|Any CPU.Build.0 = Release|Any CPU
	EndGlobalSection
	GlobalSection(SolutionProperties) = preSolution
		HideSolutionNode = FALSE
	EndGlobalSection
	GlobalSection(ExtensibilityGlobals) = postSolution
		SolutionGuid = {9496407D-A48B-48C1-A703-DBC48A57BBCA}
	EndGlobalSection
EndGlobal
